
Microsoft Visual Studio Solution File, Format Version 12.00
# Visual Studio 15
VisualStudioVersion = 15.0.26730.15
MinimumVisualStudioVersion = 10.0.40219.1
Project("{FAE04EC0-301F-11D3-BF4B-00C04F79EFBC}") = "ShoppingCart", "ShoppingCart\ShoppingCart.csproj", "{8AC4E275-1E09-436E-9DB8-2AE1EEBEBD2C}"
EndProject
Global
	GlobalSection(SolutionConfigurationPlatforms) = preSolution
		Debug|Any CPU = Debug|Any CPU
		Release|Any CPU = Release|Any CPU
	EndGlobalSection
	GlobalSection(ProjectConfigurationPlatforms) = postSolution
		{8AC4E275-1E09-436E-9DB8-2AE1EEBEBD2C}.Debug|Any CPU.ActiveCfg = Debug|Any CPU
		{8AC4E275-1E09-436E-9DB8-2AE1EEBEBD2C}.Debug|Any CPU.Build.0 = Debug|Any CPU
		{8AC4E275-1E09-436E-9DB8-2AE1EEBEBD2C}.Release|Any CPU.ActiveCfg = Release|Any CPU
		{8AC4E275-1E09-436E-9DB8-2AE1EEBEBD2C}.Release|Any CPU.Build.0 = Release|Any CPU
	EndGlobalSection
	GlobalSection(SolutionProperties) = preSolution
		HideSolutionNode = FALSE
	EndGlobalSection
	GlobalSection(ExtensibilityGlobals) = postSolution
		SolutionGuid = {5EAE8F49-4503-420A-A935-55695E4DA34D}
	EndGlobalSection
EndGlobal
